// !$*UTF8*$!
{
	archiveVersion = 1;
	classes = {
	};
	objectVersion = 50;
	objects = {

/* Begin PBXBuildFile section */
		5A794098255DAD1D00BE8DA6 /* AppDelegate.swift in Sources */ = {isa = PBXBuildFile; fileRef = 5A794097255DAD1D00BE8DA6 /* AppDelegate.swift */; };
		5A79409A255DAD1D00BE8DA6 /* art.scnassets in Resources */ = {isa = PBXBuildFile; fileRef = 5A794099255DAD1D00BE8DA6 /* art.scnassets */; };
		5A79409C255DAD1D00BE8DA6 /* ViewController.swift in Sources */ = {isa = PBXBuildFile; fileRef = 5A79409B255DAD1D00BE8DA6 /* ViewController.swift */; };
		5A79409F255DAD1D00BE8DA6 /* Main.storyboard in Resources */ = {isa = PBXBuildFile; fileRef = 5A79409D255DAD1D00BE8DA6 /* Main.storyboard */; };
		5A7940A1255DAD1F00BE8DA6 /* Assets.xcassets in Resources */ = {isa = PBXBuildFile; fileRef = 5A7940A0255DAD1F00BE8DA6 /* Assets.xcassets */; };
		5A7940A4255DAD1F00BE8DA6 /* LaunchScreen.storyboard in Resources */ = {isa = PBXBuildFile; fileRef = 5A7940A2255DAD1F00BE8DA6 /* LaunchScreen.storyboard */; };
		5A7940AF255DAD1F00BE8DA6 /* DailyProphetTests.swift in Sources */ = {isa = PBXBuildFile; fileRef = 5A7940AE255DAD1F00BE8DA6 /* DailyProphetTests.swift */; };
		5A7940BA255DAD1F00BE8DA6 /* DailyProphetUITests.swift in Sources */ = {isa = PBXBuildFile; fileRef = 5A7940B9255DAD1F00BE8DA6 /* DailyProphetUITests.swift */; };
		5A7940CB255DAE2500BE8DA6 /* DailyProphet.mp4 in Resources */ = {isa = PBXBuildFile; fileRef = 5A7940CA255DAE2500BE8DA6 /* DailyProphet.mp4 */; };
/* End PBXBuildFile section */

/* Begin PBXContainerItemProxy section */
		5A7940AB255DAD1F00BE8DA6 /* PBXContainerItemProxy */ = {
			isa = PBXContainerItemProxy;
			containerPortal = 5A79408C255DAD1C00BE8DA6 /* Project object */;
			proxyType = 1;
			remoteGlobalIDString = 5A794093255DAD1D00BE8DA6;
			remoteInfo = DailyProphet;
		};
		5A7940B6255DAD1F00BE8DA6 /* PBXContainerItemProxy */ = {
			isa = PBXContainerItemProxy;
			containerPortal = 5A79408C255DAD1C00BE8DA6 /* Project object */;
			proxyType = 1;
			remoteGlobalIDString = 5A794093255DAD1D00BE8DA6;
			remoteInfo = DailyProphet;
		};
/* End PBXContainerItemProxy section */

/* Begin PBXFileReference section */
		5A794094255DAD1D00BE8DA6 /* DailyProphet.app */ = {isa = PBXFileReference; explicitFileType = wrapper.application; includeInIndex = 0; path = DailyProphet.app; sourceTree = BUILT_PRODUCTS_DIR; };
		5A794097255DAD1D00BE8DA6 /* AppDelegate.swift */ = {isa = PBXFileReference; lastKnownFileType = sourcecode.swift; path = AppDelegate.swift; sourceTree = "<group>"; };
		5A794099255DAD1D00BE8DA6 /* art.scnassets */ = {isa = PBXFileReference; lastKnownFileType = wrapper.scnassets; path = art.scnassets; sourceTree = "<group>"; };
		5A79409B255DAD1D00BE8DA6 /* ViewController.swift */ = {isa = PBXFileReference; lastKnownFileType = sourcecode.swift; path = ViewController.swift; sourceTree = "<group>"; };
		5A79409E255DAD1D00BE8DA6 /* Base */ = {isa = PBXFileReference; lastKnownFileType = file.storyboard; name = Base; path = Base.lproj/Main.storyboard; sourceTree = "<group>"; };
		5A7940A0255DAD1F00BE8DA6 /* Assets.xcassets */ = {isa = PBXFileReference; lastKnownFileType = folder.assetcatalog; path = Assets.xcassets; sourceTree = "<group>"; };
		5A7940A3255DAD1F00BE8DA6 /* Base */ = {isa = PBXFileReference; lastKnownFileType = file.storyboard; name = Base; path = Base.lproj/LaunchScreen.storyboard; sourceTree = "<group>"; };
		5A7940A5255DAD1F00BE8DA6 /* Info.plist */ = {isa = PBXFileReference; lastKnownFileType = text.plist.xml; path = Info.plist; sourceTree = "<group>"; };
		5A7940AA255DAD1F00BE8DA6 /* DailyProphetTests.xctest */ = {isa = PBXFileReference; explicitFileType = wrapper.cfbundle; includeInIndex = 0; path = DailyProphetTests.xctest; sourceTree = BUILT_PRODUCTS_DIR; };
		5A7940AE255DAD1F00BE8DA6 /* DailyProphetTests.swift */ = {isa = PBXFileReference; lastKnownFileType = sourcecode.swift; path = DailyProphetTests.swift; sourceTree = "<group>"; };
		5A7940B0255DAD1F00BE8DA6 /* Info.plist */ = {isa = PBXFileReference; lastKnownFileType = text.plist.xml; path = Info.plist; sourceTree = "<group>"; };
		5A7940B5255DAD1F00BE8DA6 /* DailyProphetUITests.xctest */ = {isa = PBXFileReference; explicitFileType = wrapper.cfbundle; includeInIndex = 0; path = DailyProphetUITests.xctest; sourceTree = BUILT_PRODUCTS_DIR; };
		5A7940B9255DAD1F00BE8DA6 /* DailyProphetUITests.swift */ = {isa = PBXFileReference; lastKnownFileType = sourcecode.swift; path = DailyProphetUITests.swift; sourceTree = "<group>"; };
		5A7940BB255DAD1F00BE8DA6 /* Info.plist */ = {isa = PBXFileReference; lastKnownFileType = text.plist.xml; path = Info.plist; sourceTree = "<group>"; };
		5A7940CA255DAE2500BE8DA6 /* DailyProphet.mp4 */ = {isa = PBXFileReference; lastKnownFileType = file; name = DailyProphet.mp4; path = ../../../../../Downloads/DailyProphet.mp4; sourceTree = "<group>"; };
/* End PBXFileReference section */

/* Begin PBXFrameworksBuildPhase section */
		5A794091255DAD1D00BE8DA6 /* Frameworks */ = {
			isa = PBXFrameworksBuildPhase;
			buildActionMask = 2147483647;
			files = (
			);
			runOnlyForDeploymentPostprocessing = 0;
		};
		5A7940A7255DAD1F00BE8DA6 /* Frameworks */ = {
			isa = PBXFrameworksBuildPhase;
			buildActionMask = 2147483647;
			files = (
			);
			runOnlyForDeploymentPostprocessing = 0;
		};
		5A7940B2255DAD1F00BE8DA6 /* Frameworks */ = {
			isa = PBXFrameworksBuildPhase;
			buildActionMask = 2147483647;
			files = (
			);
			runOnlyForDeploymentPostprocessing = 0;
		};
/* End PBXFrameworksBuildPhase section */

/* Begin PBXGroup section */
		5A79408B255DAD1C00BE8DA6 = {
			isa = PBXGroup;
			children = (
				5A794096255DAD1D00BE8DA6 /* DailyProphet */,
				5A7940AD255DAD1F00BE8DA6 /* DailyProphetTests */,
				5A7940B8255DAD1F00BE8DA6 /* DailyProphetUITests */,
				5A794095255DAD1D00BE8DA6 /* Products */,
			);
			sourceTree = "<group>";
		};
		5A794095255DAD1D00BE8DA6 /* Products */ = {
			isa = PBXGroup;
			children = (
				5A794094255DAD1D00BE8DA6 /* DailyProphet.app */,
				5A7940AA255DAD1F00BE8DA6 /* DailyProphetTests.xctest */,
				5A7940B5255DAD1F00BE8DA6 /* DailyProphetUITests.xctest */,
			);
			name = Products;
			sourceTree = "<group>";
		};
		5A794096255DAD1D00BE8DA6 /* DailyProphet */ = {
			isa = PBXGroup;
			children = (
				5A7940CA255DAE2500BE8DA6 /* DailyProphet.mp4 */,
				5A794097255DAD1D00BE8DA6 /* AppDelegate.swift */,
				5A794099255DAD1D00BE8DA6 /* art.scnassets */,
				5A79409B255DAD1D00BE8DA6 /* ViewController.swift */,
				5A79409D255DAD1D00BE8DA6 /* Main.storyboard */,
				5A7940A0255DAD1F00BE8DA6 /* Assets.xcassets */,
				5A7940A2255DAD1F00BE8DA6 /* LaunchScreen.storyboard */,
				5A7940A5255DAD1F00BE8DA6 /* Info.plist */,
			);
			path = DailyProphet;
			sourceTree = "<group>";
		};
		5A7940AD255DAD1F00BE8DA6 /* DailyProphetTests */ = {
			isa = PBXGroup;
			children = (
				5A7940AE255DAD1F00BE8DA6 /* DailyProphetTests.swift */,
				5A7940B0255DAD1F00BE8DA6 /* Info.plist */,
			);
			path = DailyProphetTests;
			sourceTree = "<group>";
		};
		5A7940B8255DAD1F00BE8DA6 /* DailyProphetUITests */ = {
			isa = PBXGroup;
			children = (
				5A7940B9255DAD1F00BE8DA6 /* DailyProphetUITests.swift */,
				5A7940BB255DAD1F00BE8DA6 /* Info.plist */,
			);
			path = DailyProphetUITests;
			sourceTree = "<group>";
		};
/* End PBXGroup section */

/* Begin PBXNativeTarget section */
		5A794093255DAD1D00BE8DA6 /* DailyProphet */ = {
			isa = PBXNativeTarget;
			buildConfigurationList = 5A7940BE255DAD1F00BE8DA6 /* Build configuration list for PBXNativeTarget "DailyProphet" */;
			buildPhases = (
				5A794090255DAD1D00BE8DA6 /* Sources */,
				5A794091255DAD1D00BE8DA6 /* Frameworks */,
				5A794092255DAD1D00BE8DA6 /* Resources */,
			);
			buildRules = (
			);
			dependencies = (
			);
			name = DailyProphet;
			productName = DailyProphet;
			productReference = 5A794094255DAD1D00BE8DA6 /* DailyProphet.app */;
			productType = "com.apple.product-type.application";
		};
		5A7940A9255DAD1F00BE8DA6 /* DailyProphetTests */ = {
			isa = PBXNativeTarget;
			buildConfigurationList = 5A7940C1255DAD1F00BE8DA6 /* Build configuration list for PBXNativeTarget "DailyProphetTests" */;
			buildPhases = (
				5A7940A6255DAD1F00BE8DA6 /* Sources */,
				5A7940A7255DAD1F00BE8DA6 /* Frameworks */,
				5A7940A8255DAD1F00BE8DA6 /* Resources */,
			);
			buildRules = (
			);
			dependencies = (
				5A7940AC255DAD1F00BE8DA6 /* PBXTargetDependency */,
			);
			name = DailyProphetTests;
			productName = DailyProphetTests;
			productReference = 5A7940AA255DAD1F00BE8DA6 /* DailyProphetTests.xctest */;
			productType = "com.apple.product-type.bundle.unit-test";
		};
		5A7940B4255DAD1F00BE8DA6 /* DailyProphetUITests */ = {
			isa = PBXNativeTarget;
			buildConfigurationList = 5A7940C4255DAD1F00BE8DA6 /* Build configuration list for PBXNativeTarget "DailyProphetUITests" */;
			buildPhases = (
				5A7940B1255DAD1F00BE8DA6 /* Sources */,
				5A7940B2255DAD1F00BE8DA6 /* Frameworks */,
				5A7940B3255DAD1F00BE8DA6 /* Resources */,
			);
			buildRules = (
			);
			dependencies = (
				5A7940B7255DAD1F00BE8DA6 /* PBXTargetDependency */,
			);
			name = DailyProphetUITests;
			productName = DailyProphetUITests;
			productReference = 5A7940B5255DAD1F00BE8DA6 /* DailyProphetUITests.xctest */;
			productType = "com.apple.product-type.bundle.ui-testing";
		};
/* End PBXNativeTarget section */

/* Begin PBXProject section */
		5A79408C255DAD1C00BE8DA6 /* Project object */ = {
			isa = PBXProject;
			attributes = {
				LastSwiftUpdateCheck = 1210;
				LastUpgradeCheck = 1210;
				TargetAttributes = {
					5A794093255DAD1D00BE8DA6 = {
						CreatedOnToolsVersion = 12.1;
					};
					5A7940A9255DAD1F00BE8DA6 = {
						CreatedOnToolsVersion = 12.1;
						TestTargetID = 5A794093255DAD1D00BE8DA6;
					};
					5A7940B4255DAD1F00BE8DA6 = {
						CreatedOnToolsVersion = 12.1;
						TestTargetID = 5A794093255DAD1D00BE8DA6;
					};
				};
			};
			buildConfigurationList = 5A79408F255DAD1C00BE8DA6 /* Build configuration list for PBXProject "DailyProphet" */;
			compatibilityVersion = "Xcode 9.3";
			developmentRegion = en;
			hasScannedForEncodings = 0;
			knownRegions = (
				en,
				Base,
			);
			mainGroup = 5A79408B255DAD1C00BE8DA6;
			productRefGroup = 5A794095255DAD1D00BE8DA6 /* Products */;
			projectDirPath = "";
			projectRoot = "";
			targets = (
				5A794093255DAD1D00BE8DA6 /* DailyProphet */,
				5A7940A9255DAD1F00BE8DA6 /* DailyProphetTests */,
				5A7940B4255DAD1F00BE8DA6 /* DailyProphetUITests */,
			);
		};
/* End PBXProject section */

/* Begin PBXResourcesBuildPhase section */
		5A794092255DAD1D00BE8DA6 /* Resources */ = {
			isa = PBXResourcesBuildPhase;
			buildActionMask = 2147483647;
			files = (
				5A79409A255DAD1D00BE8DA6 /* art.scnassets in Resources */,
				5A7940A4255DAD1F00BE8DA6 /* LaunchScreen.storyboard in Resources */,
				5A7940CB255DAE2500BE8DA6 /* DailyProphet.mp4 in Resources */,
				5A7940A1255DAD1F00BE8DA6 /* Assets.xcassets in Resources */,
				5A79409F255DAD1D00BE8DA6 /* Main.storyboard in Resources */,
			);
			runOnlyForDeploymentPostprocessing = 0;
		};
		5A7940A8255DAD1F00BE8DA6 /* Resources */ = {
			isa = PBXResourcesBuildPhase;
			buildActionMask = 2147483647;
			files = (
			);
			runOnlyForDeploymentPostprocessing = 0;
		};
		5A7940B3255DAD1F00BE8DA6 /* Resources */ = {
			isa = PBXResourcesBuildPhase;
			buildActionMask = 2147483647;
			files = (
			);
			runOnlyForDeploymentPostprocessing = 0;
		};
/* End PBXResourcesBuildPhase section */

/* Begin PBXSourcesBuildPhase section */
		5A794090255DAD1D00BE8DA6 /* Sources */ = {
			isa = PBXSourcesBuildPhase;
			buildActionMask = 2147483647;
			files = (
				5A79409C255DAD1D00BE8DA6 /* ViewController.swift in Sources */,
				5A794098255DAD1D00BE8DA6 /* AppDelegate.swift in Sources */,
			);
			runOnlyForDeploymentPostprocessing = 0;
		};
		5A7940A6255DAD1F00BE8DA6 /* Sources */ = {
			isa = PBXSourcesBuildPhase;
			buildActionMask = 2147483647;
			files = (
				5A7940AF255DAD1F00BE8DA6 /* DailyProphetTests.swift in Sources */,
			);
			runOnlyForDeploymentPostprocessing = 0;
		};
		5A7940B1255DAD1F00BE8DA6 /* Sources */ = {
			isa = PBXSourcesBuildPhase;
			buildActionMask = 2147483647;
			files = (
				5A7940BA255DAD1F00BE8DA6 /* DailyProphetUITests.swift in Sources */,
			);
			runOnlyForDeploymentPostprocessing = 0;
		};
/* End PBXSourcesBuildPhase section */

/* Begin PBXTargetDependency section */
		5A7940AC255DAD1F00BE8DA6 /* PBXTargetDependency */ = {
			isa = PBXTargetDependency;
			target = 5A794093255DAD1D00BE8DA6 /* DailyProphet */;
			targetProxy = 5A7940AB255DAD1F00BE8DA6 /* PBXContainerItemProxy */;
		};
		5A7940B7255DAD1F00BE8DA6 /* PBXTargetDependency */ = {
			isa = PBXTargetDependency;
			target = 5A794093255DAD1D00BE8DA6 /* DailyProphet */;
			targetProxy = 5A7940B6255DAD1F00BE8DA6 /* PBXContainerItemProxy */;
		};
/* End PBXTargetDependency section */

/* Begin PBXVariantGroup section */
		5A79409D255DAD1D00BE8DA6 /* Main.storyboard */ = {
			isa = PBXVariantGroup;
			children = (
				5A79409E255DAD1D00BE8DA6 /* Base */,
			);
			name = Main.storyboard;
			sourceTree = "<group>";
		};
		5A7940A2255DAD1F00BE8DA6 /* LaunchScreen.storyboard */ = {
			isa = PBXVariantGroup;
			children = (
				5A7940A3255DAD1F00BE8DA6 /* Base */,
			);
			name = LaunchScreen.storyboard;
			sourceTree = "<group>";
		};
/* End PBXVariantGroup section */

/* Begin XCBuildConfiguration section */
		5A7940BC255DAD1F00BE8DA6 /* Debug */ = {
			isa = XCBuildConfiguration;
			buildSettings = {
				ALWAYS_SEARCH_USER_PATHS = NO;
				CLANG_ANALYZER_NONNULL = YES;
				CLANG_ANALYZER_NUMBER_OBJECT_CONVERSION = YES_AGGRESSIVE;
				CLANG_CXX_LANGUAGE_STANDARD = "gnu++14";
				CLANG_CXX_LIBRARY = "libc++";
				CLANG_ENABLE_MODULES = YES;
				CLANG_ENABLE_OBJC_ARC = YES;
				CLANG_ENABLE_OBJC_WEAK = YES;
				CLANG_WARN_BLOCK_CAPTURE_AUTORELEASING = YES;
				CLANG_WARN_BOOL_CONVERSION = YES;
				CLANG_WARN_COMMA = YES;
				CLANG_WARN_CONSTANT_CONVERSION = YES;
				CLANG_WARN_DEPRECATED_OBJC_IMPLEMENTATIONS = YES;
				CLANG_WARN_DIRECT_OBJC_ISA_USAGE = YES_ERROR;
				CLANG_WARN_DOCUMENTATION_COMMENTS = YES;
				CLANG_WARN_EMPTY_BODY = YES;
				CLANG_WARN_ENUM_CONVERSION = YES;
				CLANG_WARN_INFINITE_RECURSION = YES;
				CLANG_WARN_INT_CONVERSION = YES;
				CLANG_WARN_NON_LITERAL_NULL_CONVERSION = YES;
				CLANG_WARN_OBJC_IMPLICIT_RETAIN_SELF = YES;
				CLANG_WARN_OBJC_LITERAL_CONVERSION = YES;
				CLANG_WARN_OBJC_ROOT_CLASS = YES_ERROR;
				CLANG_WARN_QUOTED_INCLUDE_IN_FRAMEWORK_HEADER = YES;
				CLANG_WARN_RANGE_LOOP_ANALYSIS = YES;
				CLANG_WARN_STRICT_PROTOTYPES = YES;
				CLANG_WARN_SUSPICIOUS_MOVE = YES;
				CLANG_WARN_UNGUARDED_AVAILABILITY = YES_AGGRESSIVE;
				CLANG_WARN_UNREACHABLE_CODE = YES;
				CLANG_WARN__DUPLICATE_METHOD_MATCH = YES;
				COPY_PHASE_STRIP = NO;
				DEBUG_INFORMATION_FORMAT = dwarf;
				ENABLE_STRICT_OBJC_MSGSEND = YES;
				ENABLE_TESTABILITY = YES;
				GCC_C_LANGUAGE_STANDARD = gnu11;
				GCC_DYNAMIC_NO_PIC = NO;
				GCC_NO_COMMON_BLOCKS = YES;
				GCC_OPTIMIZATION_LEVEL = 0;
				GCC_PREPROCESSOR_DEFINITIONS = (
					"DEBUG=1",
					"$(inherited)",
				);
				GCC_WARN_64_TO_32_BIT_CONVERSION = YES;
				GCC_WARN_ABOUT_RETURN_TYPE = YES_ERROR;
				GCC_WARN_UNDECLARED_SELECTOR = YES;
				GCC_WARN_UNINITIALIZED_AUTOS = YES_AGGRESSIVE;
				GCC_WARN_UNUSED_FUNCTION = YES;
				GCC_WARN_UNUSED_VARIABLE = YES;
				IPHONEOS_DEPLOYMENT_TARGET = 14.1;
				MTL_ENABLE_DEBUG_INFO = INCLUDE_SOURCE;
				MTL_FAST_MATH = YES;
				ONLY_ACTIVE_ARCH = YES;
				SDKROOT = iphoneos;
				SWIFT_ACTIVE_COMPILATION_CONDITIONS = DEBUG;
				SWIFT_OPTIMIZATION_LEVEL = "-Onone";
			};
			name = Debug;
		};
		5A7940BD255DAD1F00BE8DA6 /* Release */ = {
			isa = XCBuildConfiguration;
			buildSettings = {
				ALWAYS_SEARCH_USER_PATHS = NO;
				CLANG_ANALYZER_NONNULL = YES;
				CLANG_ANALYZER_NUMBER_OBJECT_CONVERSION = YES_AGGRESSIVE;
				CLANG_CXX_LANGUAGE_STANDARD = "gnu++14";
				CLANG_CXX_LIBRARY = "libc++";
				CLANG_ENABLE_MODULES = YES;
				CLANG_ENABLE_OBJC_ARC = YES;
				CLANG_ENABLE_OBJC_WEAK = YES;
				CLANG_WARN_BLOCK_CAPTURE_AUTORELEASING = YES;
				CLANG_WARN_BOOL_CONVERSION = YES;
				CLANG_WARN_COMMA = YES;
				CLANG_WARN_CONSTANT_CONVERSION = YES;
				CLANG_WARN_DEPRECATED_OBJC_IMPLEMENTATIONS = YES;
				CLANG_WARN_DIRECT_OBJC_ISA_USAGE = YES_ERROR;
				CLANG_WARN_DOCUMENTATION_COMMENTS = YES;
				CLANG_WARN_EMPTY_BODY = YES;
				CLANG_WARN_ENUM_CONVERSION = YES;
				CLANG_WARN_INFINITE_RECURSION = YES;
				CLANG_WARN_INT_CONVERSION = YES;
				CLANG_WARN_NON_LITERAL_NULL_CONVERSION = YES;
				CLANG_WARN_OBJC_IMPLICIT_RETAIN_SELF = YES;
				CLANG_WARN_OBJC_LITERAL_CONVERSION = YES;
				CLANG_WARN_OBJC_ROOT_CLASS = YES_ERROR;
				CLANG_WARN_QUOTED_INCLUDE_IN_FRAMEWORK_HEADER = YES;
				CLANG_WARN_RANGE_LOOP_ANALYSIS = YES;
				CLANG_WARN_STRICT_PROTOTYPES = YES;
				CLANG_WARN_SUSPICIOUS_MOVE = YES;
				CLANG_WARN_UNGUARDED_AVAILABILITY = YES_AGGRESSIVE;
				CLANG_WARN_UNREACHABLE_CODE = YES;
				CLANG_WARN__DUPLICATE_METHOD_MATCH = YES;
				COPY_PHASE_STRIP = NO;
				DEBUG_INFORMATION_FORMAT = "dwarf-with-dsym";
				ENABLE_NS_ASSERTIONS = NO;
				ENABLE_STRICT_OBJC_MSGSEND = YES;
				GCC_C_LANGUAGE_STANDARD = gnu11;
				GCC_NO_COMMON_BLOCKS = YES;
				GCC_WARN_64_TO_32_BIT_CONVERSION = YES;
				GCC_WARN_ABOUT_RETURN_TYPE = YES_ERROR;
				GCC_WARN_UNDECLARED_SELECTOR = YES;
				GCC_WARN_UNINITIALIZED_AUTOS = YES_AGGRESSIVE;
				GCC_WARN_UNUSED_FUNCTION = YES;
				GCC_WARN_UNUSED_VARIABLE = YES;
				IPHONEOS_DEPLOYMENT_TARGET = 14.1;
				MTL_ENABLE_DEBUG_INFO = NO;
				MTL_FAST_MATH = YES;
				SDKROOT = iphoneos;
				SWIFT_COMPILATION_MODE = wholemodule;
				SWIFT_OPTIMIZATION_LEVEL = "-O";
				VALIDATE_PRODUCT = YES;
			};
			name = Release;
		};
		5A7940BF255DAD1F00BE8DA6 /* Debug */ = {
			isa = XCBuildConfiguration;
			buildSettings = {
				ASSETCATALOG_COMPILER_APPICON_NAME = AppIcon;
				ASSETCATALOG_COMPILER_GLOBAL_ACCENT_COLOR_NAME = AccentColor;
				CODE_SIGN_STYLE = Automatic;
				DEVELOPMENT_TEAM = FFJ4P3G2VM;
				INFOPLIST_FILE = DailyProphet/Info.plist;
				LD_RUNPATH_SEARCH_PATHS = (
					"$(inherited)",
					"@executable_path/Frameworks",
				);
				PRODUCT_BUNDLE_IDENTIFIER = co.appbrewery.DailyProphet;
				PRODUCT_NAME = "$(TARGET_NAME)";
				SWIFT_VERSION = 5.0;
				TARGETED_DEVICE_FAMILY = "1,2";
			};
			name = Debug;
		};
		5A7940C0255DAD1F00BE8DA6 /* Release */ = {
			isa = XCBuildConfiguration;
			buildSettings = {
				ASSETCATALOG_COMPILER_APPICON_NAME = AppIcon;
				ASSETCATALOG_COMPILER_GLOBAL_ACCENT_COLOR_NAME = AccentColor;
				CODE_SIGN_STYLE = Automatic;
				DEVELOPMENT_TEAM = FFJ4P3G2VM;
				INFOPLIST_FILE = DailyProphet/Info.plist;
				LD_RUNPATH_SEARCH_PATHS = (
					"$(inherited)",
					"@executable_path/Frameworks",
				);
				PRODUCT_BUNDLE_IDENTIFIER = co.appbrewery.DailyProphet;
				PRODUCT_NAME = "$(TARGET_NAME)";
				SWIFT_VERSION = 5.0;
				TARGETED_DEVICE_FAMILY = "1,2";
			};
			name = Release;
		};
		5A7940C2255DAD1F00BE8DA6 /* Debug */ = {
			isa = XCBuildConfiguration;
			buildSettings = {
				ALWAYS_EMBED_SWIFT_STANDARD_LIBRARIES = YES;
				BUNDLE_LOADER = "$(TEST_HOST)";
				CODE_SIGN_STYLE = Automatic;
				DEVELOPMENT_TEAM = FFJ4P3G2VM;
				INFOPLIST_FILE = DailyProphetTests/Info.plist;
				IPHONEOS_DEPLOYMENT_TARGET = 14.1;
				LD_RUNPATH_SEARCH_PATHS = (
					"$(inherited)",
					"@executable_path/Frameworks",
					"@loader_path/Frameworks",
				);
				PRODUCT_BUNDLE_IDENTIFIER = co.appbrewery.DailyProphetTests;
				PRODUCT_NAME = "$(TARGET_NAME)";
				SWIFT_VERSION = 5.0;
				TARGETED_DEVICE_FAMILY = "1,2";
				TEST_HOST = "$(BUILT_PRODUCTS_DIR)/DailyProphet.app/DailyProphet";
			};
			name = Debug;
		};
		5A7940C3255DAD1F00BE8DA6 /* Release */ = {
			isa = XCBuildConfiguration;
			buildSettings = {
				ALWAYS_EMBED_SWIFT_STANDARD_LIBRARIES = YES;
				BUNDLE_LOADER = "$(TEST_HOST)";
				CODE_SIGN_STYLE = Automatic;
				DEVELOPMENT_TEAM = FFJ4P3G2VM;
				INFOPLIST_FILE = DailyProphetTests/Info.plist;
				IPHONEOS_DEPLOYMENT_TARGET = 14.1;
				LD_RUNPATH_SEARCH_PATHS = (
					"$(inherited)",
					"@executable_path/Frameworks",
					"@loader_path/Frameworks",
				);
				PRODUCT_BUNDLE_IDENTIFIER = co.appbrewery.DailyProphetTests;
				PRODUCT_NAME = "$(TARGET_NAME)";
				SWIFT_VERSION = 5.0;
				TARGETED_DEVICE_FAMILY = "1,2";
				TEST_HOST = "$(BUILT_PRODUCTS_DIR)/DailyProphet.app/DailyProphet";
			};
			name = Release;
		};
		5A7940C5255DAD1F00BE8DA6 /* Debug */ = {
			isa = XCBuildConfiguration;
			buildSettings = {
				ALWAYS_EMBED_SWIFT_STANDARD_LIBRARIES = YES;
				CODE_SIGN_STYLE = Automatic;
				DEVELOPMENT_TEAM = FFJ4P3G2VM;
				INFOPLIST_FILE = DailyProphetUITests/Info.plist;
				LD_RUNPATH_SEARCH_PATHS = (
					"$(inherited)",
					"@executable_path/Frameworks",
					"@loader_path/Frameworks",
				);
				PRODUCT_BUNDLE_IDENTIFIER = co.appbrewery.DailyProphetUITests;
				PRODUCT_NAME = "$(TARGET_NAME)";
				SWIFT_VERSION = 5.0;
				TARGETED_DEVICE_FAMILY = "1,2";
				TEST_TARGET_NAME = DailyProphet;
			};
			name = Debug;
		};
		5A7940C6255DAD1F00BE8DA6 /* Release */ = {
			isa = XCBuildConfiguration;
			buildSettings = {
				ALWAYS_EMBED_SWIFT_STANDARD_LIBRARIES = YES;
				CODE_SIGN_STYLE = Automatic;
				DEVELOPMENT_TEAM = FFJ4P3G2VM;
				INFOPLIST_FILE = DailyProphetUITests/Info.plist;
				LD_RUNPATH_SEARCH_PATHS = (
					"$(inherited)",
					"@executable_path/Frameworks",
					"@loader_path/Frameworks",
				);
				PRODUCT_BUNDLE_IDENTIFIER = co.appbrewery.DailyProphetUITests;
				PRODUCT_NAME = "$(TARGET_NAME)";
				SWIFT_VERSION = 5.0;
				TARGETED_DEVICE_FAMILY = "1,2";
				TEST_TARGET_NAME = DailyProphet;
			};
			name = Release;
		};
/* End XCBuildConfiguration section */

/* Begin XCConfigurationList section */
		5A79408F255DAD1C00BE8DA6 /* Build configuration list for PBXProject "DailyProphet" */ = {
			isa = XCConfigurationList;
			buildConfigurations = (
				5A7940BC255DAD1F00BE8DA6 /* Debug */,
				5A7940BD255DAD1F00BE8DA6 /* Release */,
			);
			defaultConfigurationIsVisible = 0;
			defaultConfigurationName = Release;
		};
		5A7940BE255DAD1F00BE8DA6 /* Build configuration list for PBXNativeTarget "DailyProphet" */ = {
			isa = XCConfigurationList;
			buildConfigurations = (
				5A7940BF255DAD1F00BE8DA6 /* Debug */,
				5A7940C0255DAD1F00BE8DA6 /* Release */,
			);
			defaultConfigurationIsVisible = 0;
			defaultConfigurationName = Release;
		};
		5A7940C1255DAD1F00BE8DA6 /* Build configuration list for PBXNativeTarget "DailyProphetTests" */ = {
			isa = XCConfigurationList;
			buildConfigurations = (
				5A7940C2255DAD1F00BE8DA6 /* Debug */,
				5A7940C3255DAD1F00BE8DA6 /* Release */,
			);
			defaultConfigurationIsVisible = 0;
			defaultConfigurationName = Release;
		};
		5A7940C4255DAD1F00BE8DA6 /* Build configuration list for PBXNativeTarget "DailyProphetUITests" */ = {
			isa = XCConfigurationList;
			buildConfigurations = (
				5A7940C5255DAD1F00BE8DA6 /* Debug */,
				5A7940C6255DAD1F00BE8DA6 /* Release */,
			);
			defaultConfigurationIsVisible = 0;
			defaultConfigurationName = Release;
		};
/* End XCConfigurationList section */
	};
	rootObject = 5A79408C255DAD1C00BE8DA6 /* Project object */;
}
